# This file is automatically @generated by Cargo.
# It is not intended for manual editing.
version = 3

[[package]]
name = "borsh"
version = "1.5.1"
source = "registry+https://github.com/rust-lang/crates.io-index"
checksum = "a6362ed55def622cddc70a4746a68554d7b687713770de539e59a739b249f8ed"
dependencies = [
 "cfg_aliases",
]

[[package]]
name = "cfg_aliases"
version = "0.2.1"
source = "registry+https://github.com/rust-lang/crates.io-index"
checksum = "613afe47fcd5fac7ccf1db93babcb082c5994d996f20b8b159f2ad1658eb5724"

[[package]]
name = "graze"
version = "0.1.0"
dependencies = [
 "smol_str",
 "svg",
 "thiserror",
]

[[package]]
name = "proc-macro2"
version = "1.0.89"
source = "registry+https://github.com/rust-lang/crates.io-index"
checksum = "f139b0662de085916d1fb67d2b4169d1addddda1919e696f3252b740b629986e"
dependencies = [
 "unicode-ident",
]

[[package]]
name = "quote"
version = "1.0.37"
source = "registry+https://github.com/rust-lang/crates.io-index"
checksum = "b5b9d34b8991d19d98081b46eacdd8eb58c6f2b201139f7c5f643cc155a633af"
dependencies = [
 "proc-macro2",
]

[[package]]
name = "serde"
version = "1.0.214"
source = "registry+https://github.com/rust-lang/crates.io-index"
checksum = "f55c3193aca71c12ad7890f1785d2b73e1b9f63a0bbc353c08ef26fe03fc56b5"
dependencies = [
 "serde_derive",
]

[[package]]
name = "serde_derive"
version = "1.0.214"
source = "registry+https://github.com/rust-lang/crates.io-index"
checksum = "de523f781f095e28fa605cdce0f8307e451cc0fd14e2eb4cd2e98a355b147766"
dependencies = [
 "proc-macro2",
 "quote",
 "syn",
]

[[package]]
name = "smol_str"
version = "0.3.2"
source = "registry+https://github.com/rust-lang/crates.io-index"
checksum = "9676b89cd56310a87b93dec47b11af744f34d5fc9f367b829474eec0a891350d"
dependencies = [
 "borsh",
 "serde",
]

[[package]]
name = "svg"
version = "0.18.0"
source = "registry+https://github.com/rust-lang/crates.io-index"
checksum = "94afda9cd163c04f6bee8b4bf2501c91548deae308373c436f36aeff3cf3c4a3"

[[package]]
name = "syn"
version = "2.0.87"
source = "registry+https://github.com/rust-lang/crates.io-index"
checksum = "25aa4ce346d03a6dcd68dd8b4010bcb74e54e62c90c573f394c46eae99aba32d"
dependencies = [
 "proc-macro2",
 "quote",
 "unicode-ident",
]

[[package]]
name = "thiserror"
version = "2.0.0"
source = "registry+https://github.com/rust-lang/crates.io-index"
checksum = "15291287e9bff1bc6f9ff3409ed9af665bec7a5fc8ac079ea96be07bca0e2668"
dependencies = [
 "thiserror-impl",
]

[[package]]
name = "thiserror-impl"
version = "2.0.0"
source = "registry+https://github.com/rust-lang/crates.io-index"
checksum = "22efd00f33f93fa62848a7cab956c3d38c8d43095efda1decfc2b3a5dc0b8972"
dependencies = [
 "proc-macro2",
 "quote",
 "syn",
]

[[package]]
name = "unicode-ident"
version = "1.0.13"
source = "registry+https://github.com/rust-lang/crates.io-index"
checksum = "e91b56cd4cadaeb79bbf1a5645f6b4f8dc5bde8834ad5894a8db35fda9efa1fe"
